
Microsoft Visual Studio Solution File, Format Version 11.00
# Visual Studio 2010
Project("{FAE04EC0-301F-11D3-BF4B-00C04F79EFBC}") = "GitTest2", "GitTest2\GitTest2.csproj", "{2C874436-92DE-472B-AC06-31AF3A1F1586}"
EndProject
Global
	GlobalSection(SolutionConfigurationPlatforms) = preSolution
		Debug|Any CPU = Debug|Any CPU
		Release|Any CPU = Release|Any CPU
	EndGlobalSection
	GlobalSection(ProjectConfigurationPlatforms) = postSolution
		{2C874436-92DE-472B-AC06-31AF3A1F1586}.Debug|Any CPU.ActiveCfg = Debug|Any CPU
		{2C874436-92DE-472B-AC06-31AF3A1F1586}.Debug|Any CPU.Build.0 = Debug|Any CPU
		{2C874436-92DE-472B-AC06-31AF3A1F1586}.Release|Any CPU.ActiveCfg = Release|Any CPU
		{2C874436-92DE-472B-AC06-31AF3A1F1586}.Release|Any CPU.Build.0 = Release|Any CPU
	EndGlobalSection
	GlobalSection(MonoDevelopProperties) = preSolution
		StartupItem = GitTest2\GitTest2.csproj
	EndGlobalSection
EndGlobal
